{
  "name": "@compose-generator/cli",
  "version": "1.10.0",
  "lockfileVersion": 1,
  "requires": true,
  "dependencies": {
    "@compose-generator/go-npm": {
      "version": "1.0.0",
      "resolved": "https://registry.npmjs.org/@compose-generator/go-npm/-/go-npm-1.0.0.tgz",
      "integrity": "sha512-WoLGbkWUMb8uoEIjz/viLOt3UYsb5hR2jfj9dJGsZr062iEY61BeneAIX+3JJQm94bBNNjORNq/86tfO+3zV6Q=="
    }
  }
}
